
Microsoft Visual Studio Solution File, Format Version 12.00
# Visual Studio Version 17
VisualStudioVersion = 17.11.35312.102
MinimumVisualStudioVersion = 10.0.40219.1
Project("{2150E333-8FDC-42A3-9474-1A3956D46DE8}") = "Solution Items", "Solution Items", "{36AB6674-EEAE-4018-9248-9E5C6508AB4F}"
	ProjectSection(SolutionItems) = preProject
		.editorconfig = .editorconfig
		.gitignore = .gitignore
		CONTRIBUTING.md = CONTRIBUTING.md
		Directory.Build.props = Directory.Build.props
		Directory.Packages.props = Directory.Packages.props
		Dockerfile = Dockerfile
		global.json = global.json
		README.md = README.md
	EndProjectSection
EndProject
Project("{2150E333-8FDC-42A3-9474-1A3956D46DE8}") = "Source", "Source", "{D21E5B54-B591-437D-B12D-309EB00A1D94}"
EndProject
Project("{2150E333-8FDC-42A3-9474-1A3956D46DE8}") = "Clients", "Clients", "{D99E1FEF-99D1-4DB2-BDF5-E4933991DD75}"
EndProject
Project("{2150E333-8FDC-42A3-9474-1A3956D46DE8}") = "Server", "Server", "{73181FB9-85BE-438A-A777-DD21B2157C90}"
EndProject
Project("{2150E333-8FDC-42A3-9474-1A3956D46DE8}") = "Shared", "Shared", "{DF262271-7B0F-4663-8892-1A7D6D83F032}"
EndProject
Project("{2150E333-8FDC-42A3-9474-1A3956D46DE8}") = "Tests", "Tests", "{099110BB-DA71-4573-84AF-13629F35C089}"
EndProject
Project("{9A19103F-16F7-4668-BE54-9A1E7A4F7556}") = "K7.Server.Application", "src\Server\Application\K7.Server.Application.csproj", "{00C7BFB0-06D6-495F-8CAF-73A98DFEA10F}"
EndProject
Project("{9A19103F-16F7-4668-BE54-9A1E7A4F7556}") = "K7.Server.Domain", "src\Server\Domain\K7.Server.Domain.csproj", "{F44BA853-AE87-4328-81DA-BC7F0D529246}"
EndProject
Project("{9A19103F-16F7-4668-BE54-9A1E7A4F7556}") = "K7.Server.Web", "src\Server\Web\K7.Server.Web.csproj", "{ADDD681E-E23D-4090-B997-FD95D4E85D8D}"
EndProject
Project("{2150E333-8FDC-42A3-9474-1A3956D46DE8}") = "Infrastructure", "Infrastructure", "{5FBE5C69-7C30-4F6C-A3E3-A830ED45D5C3}"
EndProject
Project("{9A19103F-16F7-4668-BE54-9A1E7A4F7556}") = "K7.Server.Infrastructure.Configuration", "src\Server\Infrastructure\Configuration\K7.Server.Infrastructure.Configuration.csproj", "{A0FEB5BA-3F40-44B5-A902-8C2BF6770622}"
EndProject
Project("{9A19103F-16F7-4668-BE54-9A1E7A4F7556}") = "K7.Server.Infrastructure.Context", "src\Server\Infrastructure\Context\K7.Server.Infrastructure.Context.csproj", "{081AE6BF-764E-4FEC-B397-A8C5277B9F49}"
EndProject
Project("{9A19103F-16F7-4668-BE54-9A1E7A4F7556}") = "K7.Server.Infrastructure.FileSystem", "src\Server\Infrastructure\FileSystem\K7.Server.Infrastructure.FileSystem.csproj", "{CDE35464-3F7C-4774-9469-C33237B5551E}"
EndProject
Project("{2150E333-8FDC-42A3-9474-1A3956D46DE8}") = "DatabaseProviders", "DatabaseProviders", "{C07307A0-DB41-4E50-B914-76866BF2F1D1}"
EndProject
Project("{9A19103F-16F7-4668-BE54-9A1E7A4F7556}") = "K7.Server.Infrastructure.DatabaseProviders.Postgres", "src\Server\Infrastructure\DatabaseProviders\Postgres\K7.Server.Infrastructure.DatabaseProviders.Postgres.csproj", "{CD54B754-B0B7-42EB-8738-295001872D89}"
EndProject
Project("{9A19103F-16F7-4668-BE54-9A1E7A4F7556}") = "K7.Server.Infrastructure.DatabaseProviders.Sqlite", "src\Server\Infrastructure\DatabaseProviders\Sqlite\K7.Server.Infrastructure.DatabaseProviders.Sqlite.csproj", "{5286CF9E-126D-4A9A-97A5-91579F4A8EB5}"
EndProject
Project("{2150E333-8FDC-42A3-9474-1A3956D46DE8}") = "Shared", "Shared", "{79F1FF23-A2A6-49AD-A900-364F1512193B}"
EndProject
Project("{9A19103F-16F7-4668-BE54-9A1E7A4F7556}") = "K7.Clients.Shared.Components", "src\Clients\Shared\Components\K7.Clients.Shared.Components.csproj", "{625FB6BE-A4FA-4A36-9A6F-0F6AAFD025BD}"
EndProject
Project("{9A19103F-16F7-4668-BE54-9A1E7A4F7556}") = "K7.Clients.Shared.Domain", "src\Clients\Shared\Models\K7.Clients.Shared.Domain.csproj", "{79D039D2-267F-47AA-A3BB-DFDE7BA35E01}"
EndProject
Project("{9A19103F-16F7-4668-BE54-9A1E7A4F7556}") = "K7.Clients.Shared.Pages", "src\Clients\Shared\Pages\K7.Clients.Shared.Pages.csproj", "{43CEB8E5-D758-422F-B936-2099661766E9}"
EndProject
Project("{9A19103F-16F7-4668-BE54-9A1E7A4F7556}") = "K7.Clients.Shared.Services", "src\Clients\Shared\Services\K7.Clients.Shared.Services.csproj", "{DB7054A9-4D9C-4209-A1B5-B9735FA848FB}"
EndProject
Project("{FAE04EC0-301F-11D3-BF4B-00C04F79EFBC}") = "K7.Clients.MAUI", "src\Clients\MAUI\K7.Clients.MAUI.csproj", "{97957FD8-942C-4202-B46F-1BB7B6A359B9}"
EndProject
Project("{2150E333-8FDC-42A3-9474-1A3956D46DE8}") = "Web", "Web", "{DAF953ED-F0E5-4A78-A692-41927649EBB4}"
EndProject
Project("{FAE04EC0-301F-11D3-BF4B-00C04F79EFBC}") = "K7.Clients.Web", "src\Clients\Web\Web\K7.Clients.Web.csproj", "{FBB5FE63-68AC-43E5-8D39-E9C62477AA0E}"
EndProject
Project("{FAE04EC0-301F-11D3-BF4B-00C04F79EFBC}") = "K7.Clients.Web.Client", "src\Clients\Web\Web.Client\K7.Clients.Web.Client.csproj", "{C52B4BA0-39D9-46AB-87CD-052F9B268C7F}"
EndProject
Project("{2150E333-8FDC-42A3-9474-1A3956D46DE8}") = "Aspire", "Aspire", "{0E005CC0-2057-4BA4-9D87-E337F2B79A70}"
EndProject
Project("{FAE04EC0-301F-11D3-BF4B-00C04F79EFBC}") = "K7.Shared.Aspire.AppHost", "src\Shared\Aspire\AppHost\K7.Shared.Aspire.AppHost.csproj", "{C2805662-5B8D-4053-AF32-1835AAB7E641}"
EndProject
Project("{FAE04EC0-301F-11D3-BF4B-00C04F79EFBC}") = "K7.Shared.Aspire.ServiceDefaults", "src\Shared\Aspire\ServiceDefaults\K7.Shared.Aspire.ServiceDefaults.csproj", "{253E1C81-5E77-48C0-AAD8-7741FE84ABB6}"
EndProject
Global
	GlobalSection(SolutionConfigurationPlatforms) = preSolution
		Debug|Any CPU = Debug|Any CPU
		Release|Any CPU = Release|Any CPU
	EndGlobalSection
	GlobalSection(ProjectConfigurationPlatforms) = postSolution
		{00C7BFB0-06D6-495F-8CAF-73A98DFEA10F}.Debug|Any CPU.ActiveCfg = Debug|Any CPU
		{00C7BFB0-06D6-495F-8CAF-73A98DFEA10F}.Debug|Any CPU.Build.0 = Debug|Any CPU
		{00C7BFB0-06D6-495F-8CAF-73A98DFEA10F}.Release|Any CPU.ActiveCfg = Release|Any CPU
		{00C7BFB0-06D6-495F-8CAF-73A98DFEA10F}.Release|Any CPU.Build.0 = Release|Any CPU
		{F44BA853-AE87-4328-81DA-BC7F0D529246}.Debug|Any CPU.ActiveCfg = Debug|Any CPU
		{F44BA853-AE87-4328-81DA-BC7F0D529246}.Debug|Any CPU.Build.0 = Debug|Any CPU
		{F44BA853-AE87-4328-81DA-BC7F0D529246}.Release|Any CPU.ActiveCfg = Release|Any CPU
		{F44BA853-AE87-4328-81DA-BC7F0D529246}.Release|Any CPU.Build.0 = Release|Any CPU
		{ADDD681E-E23D-4090-B997-FD95D4E85D8D}.Debug|Any CPU.ActiveCfg = Debug|Any CPU
		{ADDD681E-E23D-4090-B997-FD95D4E85D8D}.Debug|Any CPU.Build.0 = Debug|Any CPU
		{ADDD681E-E23D-4090-B997-FD95D4E85D8D}.Release|Any CPU.ActiveCfg = Release|Any CPU
		{ADDD681E-E23D-4090-B997-FD95D4E85D8D}.Release|Any CPU.Build.0 = Release|Any CPU
		{A0FEB5BA-3F40-44B5-A902-8C2BF6770622}.Debug|Any CPU.ActiveCfg = Debug|Any CPU
		{A0FEB5BA-3F40-44B5-A902-8C2BF6770622}.Debug|Any CPU.Build.0 = Debug|Any CPU
		{A0FEB5BA-3F40-44B5-A902-8C2BF6770622}.Release|Any CPU.ActiveCfg = Release|Any CPU
		{A0FEB5BA-3F40-44B5-A902-8C2BF6770622}.Release|Any CPU.Build.0 = Release|Any CPU
		{081AE6BF-764E-4FEC-B397-A8C5277B9F49}.Debug|Any CPU.ActiveCfg = Debug|Any CPU
		{081AE6BF-764E-4FEC-B397-A8C5277B9F49}.Debug|Any CPU.Build.0 = Debug|Any CPU
		{081AE6BF-764E-4FEC-B397-A8C5277B9F49}.Release|Any CPU.ActiveCfg = Release|Any CPU
		{081AE6BF-764E-4FEC-B397-A8C5277B9F49}.Release|Any CPU.Build.0 = Release|Any CPU
		{CDE35464-3F7C-4774-9469-C33237B5551E}.Debug|Any CPU.ActiveCfg = Debug|Any CPU
		{CDE35464-3F7C-4774-9469-C33237B5551E}.Debug|Any CPU.Build.0 = Debug|Any CPU
		{CDE35464-3F7C-4774-9469-C33237B5551E}.Release|Any CPU.ActiveCfg = Release|Any CPU
		{CDE35464-3F7C-4774-9469-C33237B5551E}.Release|Any CPU.Build.0 = Release|Any CPU
		{CD54B754-B0B7-42EB-8738-295001872D89}.Debug|Any CPU.ActiveCfg = Debug|Any CPU
		{CD54B754-B0B7-42EB-8738-295001872D89}.Debug|Any CPU.Build.0 = Debug|Any CPU
		{CD54B754-B0B7-42EB-8738-295001872D89}.Release|Any CPU.ActiveCfg = Release|Any CPU
		{CD54B754-B0B7-42EB-8738-295001872D89}.Release|Any CPU.Build.0 = Release|Any CPU
		{5286CF9E-126D-4A9A-97A5-91579F4A8EB5}.Debug|Any CPU.ActiveCfg = Debug|Any CPU
		{5286CF9E-126D-4A9A-97A5-91579F4A8EB5}.Debug|Any CPU.Build.0 = Debug|Any CPU
		{5286CF9E-126D-4A9A-97A5-91579F4A8EB5}.Release|Any CPU.ActiveCfg = Release|Any CPU
		{5286CF9E-126D-4A9A-97A5-91579F4A8EB5}.Release|Any CPU.Build.0 = Release|Any CPU
		{625FB6BE-A4FA-4A36-9A6F-0F6AAFD025BD}.Debug|Any CPU.ActiveCfg = Debug|Any CPU
		{625FB6BE-A4FA-4A36-9A6F-0F6AAFD025BD}.Debug|Any CPU.Build.0 = Debug|Any CPU
		{625FB6BE-A4FA-4A36-9A6F-0F6AAFD025BD}.Release|Any CPU.ActiveCfg = Release|Any CPU
		{625FB6BE-A4FA-4A36-9A6F-0F6AAFD025BD}.Release|Any CPU.Build.0 = Release|Any CPU
		{79D039D2-267F-47AA-A3BB-DFDE7BA35E01}.Debug|Any CPU.ActiveCfg = Debug|Any CPU
		{79D039D2-267F-47AA-A3BB-DFDE7BA35E01}.Debug|Any CPU.Build.0 = Debug|Any CPU
		{79D039D2-267F-47AA-A3BB-DFDE7BA35E01}.Release|Any CPU.ActiveCfg = Release|Any CPU
		{79D039D2-267F-47AA-A3BB-DFDE7BA35E01}.Release|Any CPU.Build.0 = Release|Any CPU
		{43CEB8E5-D758-422F-B936-2099661766E9}.Debug|Any CPU.ActiveCfg = Debug|Any CPU
		{43CEB8E5-D758-422F-B936-2099661766E9}.Debug|Any CPU.Build.0 = Debug|Any CPU
		{43CEB8E5-D758-422F-B936-2099661766E9}.Release|Any CPU.ActiveCfg = Release|Any CPU
		{43CEB8E5-D758-422F-B936-2099661766E9}.Release|Any CPU.Build.0 = Release|Any CPU
		{DB7054A9-4D9C-4209-A1B5-B9735FA848FB}.Debug|Any CPU.ActiveCfg = Debug|Any CPU
		{DB7054A9-4D9C-4209-A1B5-B9735FA848FB}.Debug|Any CPU.Build.0 = Debug|Any CPU
		{DB7054A9-4D9C-4209-A1B5-B9735FA848FB}.Release|Any CPU.ActiveCfg = Release|Any CPU
		{DB7054A9-4D9C-4209-A1B5-B9735FA848FB}.Release|Any CPU.Build.0 = Release|Any CPU
		{97957FD8-942C-4202-B46F-1BB7B6A359B9}.Debug|Any CPU.ActiveCfg = Debug|Any CPU
		{97957FD8-942C-4202-B46F-1BB7B6A359B9}.Debug|Any CPU.Build.0 = Debug|Any CPU
		{97957FD8-942C-4202-B46F-1BB7B6A359B9}.Debug|Any CPU.Deploy.0 = Debug|Any CPU
		{97957FD8-942C-4202-B46F-1BB7B6A359B9}.Release|Any CPU.ActiveCfg = Release|Any CPU
		{97957FD8-942C-4202-B46F-1BB7B6A359B9}.Release|Any CPU.Build.0 = Release|Any CPU
		{97957FD8-942C-4202-B46F-1BB7B6A359B9}.Release|Any CPU.Deploy.0 = Release|Any CPU
		{FBB5FE63-68AC-43E5-8D39-E9C62477AA0E}.Debug|Any CPU.ActiveCfg = Debug|Any CPU
		{FBB5FE63-68AC-43E5-8D39-E9C62477AA0E}.Debug|Any CPU.Build.0 = Debug|Any CPU
		{FBB5FE63-68AC-43E5-8D39-E9C62477AA0E}.Release|Any CPU.ActiveCfg = Release|Any CPU
		{FBB5FE63-68AC-43E5-8D39-E9C62477AA0E}.Release|Any CPU.Build.0 = Release|Any CPU
		{C52B4BA0-39D9-46AB-87CD-052F9B268C7F}.Debug|Any CPU.ActiveCfg = Debug|Any CPU
		{C52B4BA0-39D9-46AB-87CD-052F9B268C7F}.Debug|Any CPU.Build.0 = Debug|Any CPU
		{C52B4BA0-39D9-46AB-87CD-052F9B268C7F}.Release|Any CPU.ActiveCfg = Release|Any CPU
		{C52B4BA0-39D9-46AB-87CD-052F9B268C7F}.Release|Any CPU.Build.0 = Release|Any CPU
		{C2805662-5B8D-4053-AF32-1835AAB7E641}.Debug|Any CPU.ActiveCfg = Debug|Any CPU
		{C2805662-5B8D-4053-AF32-1835AAB7E641}.Debug|Any CPU.Build.0 = Debug|Any CPU
		{C2805662-5B8D-4053-AF32-1835AAB7E641}.Release|Any CPU.ActiveCfg = Release|Any CPU
		{C2805662-5B8D-4053-AF32-1835AAB7E641}.Release|Any CPU.Build.0 = Release|Any CPU
		{253E1C81-5E77-48C0-AAD8-7741FE84ABB6}.Debug|Any CPU.ActiveCfg = Debug|Any CPU
		{253E1C81-5E77-48C0-AAD8-7741FE84ABB6}.Debug|Any CPU.Build.0 = Debug|Any CPU
		{253E1C81-5E77-48C0-AAD8-7741FE84ABB6}.Release|Any CPU.ActiveCfg = Release|Any CPU
		{253E1C81-5E77-48C0-AAD8-7741FE84ABB6}.Release|Any CPU.Build.0 = Release|Any CPU
	EndGlobalSection
	GlobalSection(SolutionProperties) = preSolution
		HideSolutionNode = FALSE
	EndGlobalSection
	GlobalSection(NestedProjects) = preSolution
		{D99E1FEF-99D1-4DB2-BDF5-E4933991DD75} = {D21E5B54-B591-437D-B12D-309EB00A1D94}
		{73181FB9-85BE-438A-A777-DD21B2157C90} = {D21E5B54-B591-437D-B12D-309EB00A1D94}
		{DF262271-7B0F-4663-8892-1A7D6D83F032} = {D21E5B54-B591-437D-B12D-309EB00A1D94}
		{00C7BFB0-06D6-495F-8CAF-73A98DFEA10F} = {73181FB9-85BE-438A-A777-DD21B2157C90}
		{F44BA853-AE87-4328-81DA-BC7F0D529246} = {73181FB9-85BE-438A-A777-DD21B2157C90}
		{ADDD681E-E23D-4090-B997-FD95D4E85D8D} = {73181FB9-85BE-438A-A777-DD21B2157C90}
		{5FBE5C69-7C30-4F6C-A3E3-A830ED45D5C3} = {73181FB9-85BE-438A-A777-DD21B2157C90}
		{A0FEB5BA-3F40-44B5-A902-8C2BF6770622} = {5FBE5C69-7C30-4F6C-A3E3-A830ED45D5C3}
		{081AE6BF-764E-4FEC-B397-A8C5277B9F49} = {5FBE5C69-7C30-4F6C-A3E3-A830ED45D5C3}
		{CDE35464-3F7C-4774-9469-C33237B5551E} = {5FBE5C69-7C30-4F6C-A3E3-A830ED45D5C3}
		{C07307A0-DB41-4E50-B914-76866BF2F1D1} = {5FBE5C69-7C30-4F6C-A3E3-A830ED45D5C3}
		{CD54B754-B0B7-42EB-8738-295001872D89} = {C07307A0-DB41-4E50-B914-76866BF2F1D1}
		{5286CF9E-126D-4A9A-97A5-91579F4A8EB5} = {C07307A0-DB41-4E50-B914-76866BF2F1D1}
		{79F1FF23-A2A6-49AD-A900-364F1512193B} = {D99E1FEF-99D1-4DB2-BDF5-E4933991DD75}
		{625FB6BE-A4FA-4A36-9A6F-0F6AAFD025BD} = {79F1FF23-A2A6-49AD-A900-364F1512193B}
		{79D039D2-267F-47AA-A3BB-DFDE7BA35E01} = {79F1FF23-A2A6-49AD-A900-364F1512193B}
		{43CEB8E5-D758-422F-B936-2099661766E9} = {79F1FF23-A2A6-49AD-A900-364F1512193B}
		{DB7054A9-4D9C-4209-A1B5-B9735FA848FB} = {79F1FF23-A2A6-49AD-A900-364F1512193B}
		{97957FD8-942C-4202-B46F-1BB7B6A359B9} = {D99E1FEF-99D1-4DB2-BDF5-E4933991DD75}
		{DAF953ED-F0E5-4A78-A692-41927649EBB4} = {D99E1FEF-99D1-4DB2-BDF5-E4933991DD75}
		{FBB5FE63-68AC-43E5-8D39-E9C62477AA0E} = {DAF953ED-F0E5-4A78-A692-41927649EBB4}
		{C52B4BA0-39D9-46AB-87CD-052F9B268C7F} = {DAF953ED-F0E5-4A78-A692-41927649EBB4}
		{C2805662-5B8D-4053-AF32-1835AAB7E641} = {0E005CC0-2057-4BA4-9D87-E337F2B79A70}
		{253E1C81-5E77-48C0-AAD8-7741FE84ABB6} = {0E005CC0-2057-4BA4-9D87-E337F2B79A70}
		{0E005CC0-2057-4BA4-9D87-E337F2B79A70} = {DF262271-7B0F-4663-8892-1A7D6D83F032}
	EndGlobalSection
	GlobalSection(ExtensibilityGlobals) = postSolution
		SolutionGuid = {B1CE7DAB-9E31-4014-9384-1CA506584B12}
	EndGlobalSection
EndGlobal
