
Microsoft Visual Studio Solution File, Format Version 12.00
# Visual Studio Version 17
VisualStudioVersion = 17.0.31903.59
MinimumVisualStudioVersion = 10.0.40219.1
Project("{2150E333-8FDC-42A3-9474-1A3956D46DE8}") = "src", "src", "{827E0CD3-B72D-47B6-A68D-7590B98EB39B}"
EndProject
Project("{2150E333-8FDC-42A3-9474-1A3956D46DE8}") = "Clients", "Clients", "{00B920E4-100F-D869-D8B1-04B3A2ED45DA}"
EndProject
Project("{2150E333-8FDC-42A3-9474-1A3956D46DE8}") = "DesignSystem", "DesignSystem", "{92BF007E-1C3C-E34C-96B5-31684F1F7679}"
EndProject
Project("{FAE04EC0-301F-11D3-BF4B-00C04F79EFBC}") = "K7.Clients.DesignSystem", "src\Clients\DesignSystem\K7.Clients.DesignSystem.csproj", "{24864D11-3987-4554-84CF-4D55A4884828}"
EndProject
Project("{2150E333-8FDC-42A3-9474-1A3956D46DE8}") = "Shared", "Shared", "{383E3C98-1C43-3E7A-C446-7D9988CF0A3D}"
EndProject
Project("{FAE04EC0-301F-11D3-BF4B-00C04F79EFBC}") = "K7.Clients.Shared", "src\Clients\Shared\K7.Clients.Shared.csproj", "{A5F64E25-CBC8-4B08-A0D9-890304F0DA68}"
EndProject
Project("{2150E333-8FDC-42A3-9474-1A3956D46DE8}") = "Shared", "Shared", "{C8E42992-5E42-0C2B-DBFE-AA848D06431C}"
EndProject
Project("{FAE04EC0-301F-11D3-BF4B-00C04F79EFBC}") = "K7.Shared", "src\Shared\K7.Shared\K7.Shared.csproj", "{2F651037-3E77-4D25-9A47-33CA945E3C71}"
EndProject
Project("{2150E333-8FDC-42A3-9474-1A3956D46DE8}") = "Server", "Server", "{E6B48023-E680-40DA-9E17-319585C26937}"
EndProject
Project("{2150E333-8FDC-42A3-9474-1A3956D46DE8}") = "Domain", "Domain", "{50DADBC4-9040-1B74-AEB1-61E90018BA1A}"
EndProject
Project("{FAE04EC0-301F-11D3-BF4B-00C04F79EFBC}") = "K7.Server.Domain", "src\Server\Domain\K7.Server.Domain.csproj", "{DD909257-B9ED-439E-ABB5-4AB97B8AFB9D}"
EndProject
Project("{2150E333-8FDC-42A3-9474-1A3956D46DE8}") = "UI", "UI", "{30F52E1B-2065-3979-81FB-32626219C0AC}"
EndProject
Project("{FAE04EC0-301F-11D3-BF4B-00C04F79EFBC}") = "K7.Clients.Shared.UI", "src\Clients\Shared\UI\K7.Clients.Shared.UI.csproj", "{2AED1E7D-3713-448C-9AC3-D9BC274F6A1F}"
EndProject
Project("{2150E333-8FDC-42A3-9474-1A3956D46DE8}") = "MAUI", "MAUI", "{EFD50D3E-B660-8E4D-58B1-89A9B03DFF5B}"
EndProject
Project("{FAE04EC0-301F-11D3-BF4B-00C04F79EFBC}") = "K7.Clients.MAUI", "src\Clients\MAUI\K7.Clients.MAUI.csproj", "{C111EA8F-234F-4B11-862D-2BE5F91CF546}"
EndProject
Project("{2150E333-8FDC-42A3-9474-1A3956D46DE8}") = "Web", "Web", "{2589A747-2620-948A-BF95-375CBE2B0743}"
EndProject
Project("{FAE04EC0-301F-11D3-BF4B-00C04F79EFBC}") = "K7.Clients.Web", "src\Clients\Web\K7.Clients.Web.csproj", "{CDF4C1BA-7BDD-4AD4-830E-9B8E642B020F}"
EndProject
Project("{2150E333-8FDC-42A3-9474-1A3956D46DE8}") = "Application", "Application", "{0709ABFC-1B30-524A-C8D4-D4FA21225C58}"
EndProject
Project("{FAE04EC0-301F-11D3-BF4B-00C04F79EFBC}") = "K7.Server.Application", "src\Server\Application\K7.Server.Application.csproj", "{11CA2596-6057-4D32-9951-AEEA12C4E9FD}"
EndProject
Project("{2150E333-8FDC-42A3-9474-1A3956D46DE8}") = "Web", "Web", "{E63DB403-D13E-8223-5832-416DEDAEA7B1}"
EndProject
Project("{FAE04EC0-301F-11D3-BF4B-00C04F79EFBC}") = "K7.Server.Web", "src\Server\Web\K7.Server.Web.csproj", "{B1BE613C-8354-4620-8FC8-780F201188AB}"
EndProject
Project("{2150E333-8FDC-42A3-9474-1A3956D46DE8}") = "Aspire", "Aspire", "{AB4CC792-E94B-D8DE-AA60-C8C95BDD6374}"
EndProject
Project("{2150E333-8FDC-42A3-9474-1A3956D46DE8}") = "ServiceDefaults", "ServiceDefaults", "{FFD4FB3A-853B-3302-CD11-76C1980CE693}"
EndProject
Project("{FAE04EC0-301F-11D3-BF4B-00C04F79EFBC}") = "K7.Shared.Aspire.ServiceDefaults", "src\Shared\Aspire\ServiceDefaults\K7.Shared.Aspire.ServiceDefaults.csproj", "{74A12E9B-9096-43EC-80B4-11CC33123DCC}"
EndProject
Project("{2150E333-8FDC-42A3-9474-1A3956D46DE8}") = "Infrastructure", "Infrastructure", "{5DE2B825-CCEA-C35C-3AF8-3E1712F53ECC}"
EndProject
Project("{2150E333-8FDC-42A3-9474-1A3956D46DE8}") = "Database", "Database", "{01B289CA-5206-B59A-3852-9D92FA8F7EFF}"
EndProject
Project("{2150E333-8FDC-42A3-9474-1A3956D46DE8}") = "Context", "Context", "{DF5698C4-C1F3-03AA-8D6B-3AFA5D6E4DCD}"
EndProject
Project("{FAE04EC0-301F-11D3-BF4B-00C04F79EFBC}") = "K7.Server.Infrastructure.Database.Context", "src\Server\Infrastructure\Database\Context\K7.Server.Infrastructure.Database.Context.csproj", "{A800DBFF-C6C3-4399-81FF-5D77D957865B}"
EndProject
Project("{2150E333-8FDC-42A3-9474-1A3956D46DE8}") = "Configuration", "Configuration", "{BA332984-2672-35BF-B7FC-F60CC2FBDB2D}"
EndProject
Project("{FAE04EC0-301F-11D3-BF4B-00C04F79EFBC}") = "K7.Server.Infrastructure.Configuration", "src\Server\Infrastructure\Configuration\K7.Server.Infrastructure.Configuration.csproj", "{CC410772-BBF3-4E8A-91F2-38864CD7400C}"
EndProject
Project("{2150E333-8FDC-42A3-9474-1A3956D46DE8}") = "Providers", "Providers", "{6C5B26EC-2FE2-79FE-35C6-7063E0AA6514}"
EndProject
Project("{2150E333-8FDC-42A3-9474-1A3956D46DE8}") = "Postgres", "Postgres", "{F7759DCE-C5D7-2869-BCA5-88EAA27B55E5}"
EndProject
Project("{FAE04EC0-301F-11D3-BF4B-00C04F79EFBC}") = "K7.Server.Infrastructure.Database.Providers.Postgres", "src\Server\Infrastructure\Database\Providers\Postgres\K7.Server.Infrastructure.Database.Providers.Postgres.csproj", "{47351212-DFDB-45AD-B0D0-4477CE459E0F}"
EndProject
Project("{2150E333-8FDC-42A3-9474-1A3956D46DE8}") = "Sqlite", "Sqlite", "{886C440F-01D0-267F-AA68-4ED1BB3445DD}"
EndProject
Project("{FAE04EC0-301F-11D3-BF4B-00C04F79EFBC}") = "K7.Server.Infrastructure.Database.Providers.Sqlite", "src\Server\Infrastructure\Database\Providers\Sqlite\K7.Server.Infrastructure.Database.Providers.Sqlite.csproj", "{00436643-DFDF-4E64-8A31-82B6367E8FA3}"
EndProject
Project("{2150E333-8FDC-42A3-9474-1A3956D46DE8}") = "FileSystem", "FileSystem", "{69861065-3174-DBDE-9B04-6E4FA06DA24A}"
EndProject
Project("{FAE04EC0-301F-11D3-BF4B-00C04F79EFBC}") = "K7.Server.Infrastructure.FileSystem", "src\Server\Infrastructure\FileSystem\K7.Server.Infrastructure.FileSystem.csproj", "{225B6127-53F5-47A0-A728-F549B82CF32A}"
EndProject
Project("{2150E333-8FDC-42A3-9474-1A3956D46DE8}") = "ExternalServices", "ExternalServices", "{1776547F-3325-FD1B-03A3-0CE034D1293E}"
EndProject
Project("{FAE04EC0-301F-11D3-BF4B-00C04F79EFBC}") = "K7.Server.Infrastructure.ExternalServices", "src\Server\Infrastructure\ExternalServices\K7.Server.Infrastructure.ExternalServices.csproj", "{9F695AB0-ABCB-4FC4-BD36-84FAAA64A582}"
EndProject
Project("{2150E333-8FDC-42A3-9474-1A3956D46DE8}") = "MediaProcessing", "MediaProcessing", "{D1EEF55D-5256-00D6-EA8A-3F587B1615F1}"
EndProject
Project("{FAE04EC0-301F-11D3-BF4B-00C04F79EFBC}") = "K7.Server.Infrastructure.MediaProcessing", "src\Server\Infrastructure\MediaProcessing\K7.Server.Infrastructure.MediaProcessing.csproj", "{72A8B4D6-AD59-43AC-9E55-DB6C17EF3AA8}"
EndProject
Project("{2150E333-8FDC-42A3-9474-1A3956D46DE8}") = "AppHost", "AppHost", "{F4D020FA-A95F-4FA7-1964-B1BB86E880E3}"
EndProject
Project("{FAE04EC0-301F-11D3-BF4B-00C04F79EFBC}") = "K7.Shared.Aspire.AppHost", "src\Shared\Aspire\AppHost\K7.Shared.Aspire.AppHost.csproj", "{35492700-01F5-4020-AC10-3D210993E5DA}"
EndProject
Project("{2150E333-8FDC-42A3-9474-1A3956D46DE8}") = "tests", "tests", "{0AB3BF05-4346-4AA6-1389-037BE0695223}"
EndProject
Project("{FAE04EC0-301F-11D3-BF4B-00C04F79EFBC}") = "Application.FunctionalTests", "tests\Application.FunctionalTests\Application.FunctionalTests.csproj", "{634770D3-DDA8-47FD-AF39-5230B7BEAEED}"
EndProject
Project("{FAE04EC0-301F-11D3-BF4B-00C04F79EFBC}") = "Tests.Helpers", "tests\Tests.Helpers\Tests.Helpers.csproj", "{6ACFB125-0DC0-430D-B2B6-FAF3BE5BE066}"
EndProject
Project("{FAE04EC0-301F-11D3-BF4B-00C04F79EFBC}") = "Application.UnitTests", "tests\Application.UnitTests\Application.UnitTests.csproj", "{8DAC83CB-E1C3-4978-9DC4-01E0118DC275}"
EndProject
Project("{FAE04EC0-301F-11D3-BF4B-00C04F79EFBC}") = "Clients.ComponentTests", "tests\Clients.ComponentTests\Clients.ComponentTests.csproj", "{8B782156-DC03-4FD0-B96D-87DED4024851}"
EndProject
Project("{FAE04EC0-301F-11D3-BF4B-00C04F79EFBC}") = "Clients.DesignSystem.SmokeTests", "tests\Clients.DesignSystem.SmokeTests\Clients.DesignSystem.SmokeTests.csproj", "{B30DF757-610E-4987-86E8-75C683C9497D}"
EndProject
Project("{FAE04EC0-301F-11D3-BF4B-00C04F79EFBC}") = "Clients.MAUI.SmokeTests", "tests\Clients.MAUI.SmokeTests\Clients.MAUI.SmokeTests.csproj", "{CB022F99-3B2F-44FE-874F-AD3211E1CC32}"
EndProject
Project("{FAE04EC0-301F-11D3-BF4B-00C04F79EFBC}") = "Domain.UnitTests", "tests\Domain.UnitTests\Domain.UnitTests.csproj", "{93111AF4-D3C7-4156-B7B3-109D1021CD04}"
EndProject
Project("{FAE04EC0-301F-11D3-BF4B-00C04F79EFBC}") = "Infrastructure.IntegrationTests", "tests\Infrastructure.IntegrationTests\Infrastructure.IntegrationTests.csproj", "{4B8957D0-5F4D-45AA-B1EA-20D4EF725063}"
EndProject
Project("{FAE04EC0-301F-11D3-BF4B-00C04F79EFBC}") = "Web.SmokeTests", "tests\Web.SmokeTests\Web.SmokeTests.csproj", "{CDEF37A9-2969-478C-9739-8F554F1A03AD}"
EndProject
Global
	GlobalSection(SolutionConfigurationPlatforms) = preSolution
		Debug|Any CPU = Debug|Any CPU
		Debug|x64 = Debug|x64
		Debug|x86 = Debug|x86
		Release|Any CPU = Release|Any CPU
		Release|x64 = Release|x64
		Release|x86 = Release|x86
	EndGlobalSection
	GlobalSection(ProjectConfigurationPlatforms) = postSolution
		{24864D11-3987-4554-84CF-4D55A4884828}.Debug|Any CPU.ActiveCfg = Debug|Any CPU
		{24864D11-3987-4554-84CF-4D55A4884828}.Debug|Any CPU.Build.0 = Debug|Any CPU
		{24864D11-3987-4554-84CF-4D55A4884828}.Debug|x64.ActiveCfg = Debug|Any CPU
		{24864D11-3987-4554-84CF-4D55A4884828}.Debug|x64.Build.0 = Debug|Any CPU
		{24864D11-3987-4554-84CF-4D55A4884828}.Debug|x86.ActiveCfg = Debug|Any CPU
		{24864D11-3987-4554-84CF-4D55A4884828}.Debug|x86.Build.0 = Debug|Any CPU
		{24864D11-3987-4554-84CF-4D55A4884828}.Release|Any CPU.ActiveCfg = Release|Any CPU
		{24864D11-3987-4554-84CF-4D55A4884828}.Release|Any CPU.Build.0 = Release|Any CPU
		{24864D11-3987-4554-84CF-4D55A4884828}.Release|x64.ActiveCfg = Release|Any CPU
		{24864D11-3987-4554-84CF-4D55A4884828}.Release|x64.Build.0 = Release|Any CPU
		{24864D11-3987-4554-84CF-4D55A4884828}.Release|x86.ActiveCfg = Release|Any CPU
		{24864D11-3987-4554-84CF-4D55A4884828}.Release|x86.Build.0 = Release|Any CPU
		{A5F64E25-CBC8-4B08-A0D9-890304F0DA68}.Debug|Any CPU.ActiveCfg = Debug|Any CPU
		{A5F64E25-CBC8-4B08-A0D9-890304F0DA68}.Debug|Any CPU.Build.0 = Debug|Any CPU
		{A5F64E25-CBC8-4B08-A0D9-890304F0DA68}.Debug|x64.ActiveCfg = Debug|Any CPU
		{A5F64E25-CBC8-4B08-A0D9-890304F0DA68}.Debug|x64.Build.0 = Debug|Any CPU
		{A5F64E25-CBC8-4B08-A0D9-890304F0DA68}.Debug|x86.ActiveCfg = Debug|Any CPU
		{A5F64E25-CBC8-4B08-A0D9-890304F0DA68}.Debug|x86.Build.0 = Debug|Any CPU
		{A5F64E25-CBC8-4B08-A0D9-890304F0DA68}.Release|Any CPU.ActiveCfg = Release|Any CPU
		{A5F64E25-CBC8-4B08-A0D9-890304F0DA68}.Release|Any CPU.Build.0 = Release|Any CPU
		{A5F64E25-CBC8-4B08-A0D9-890304F0DA68}.Release|x64.ActiveCfg = Release|Any CPU
		{A5F64E25-CBC8-4B08-A0D9-890304F0DA68}.Release|x64.Build.0 = Release|Any CPU
		{A5F64E25-CBC8-4B08-A0D9-890304F0DA68}.Release|x86.ActiveCfg = Release|Any CPU
		{A5F64E25-CBC8-4B08-A0D9-890304F0DA68}.Release|x86.Build.0 = Release|Any CPU
		{2F651037-3E77-4D25-9A47-33CA945E3C71}.Debug|Any CPU.ActiveCfg = Debug|Any CPU
		{2F651037-3E77-4D25-9A47-33CA945E3C71}.Debug|Any CPU.Build.0 = Debug|Any CPU
		{2F651037-3E77-4D25-9A47-33CA945E3C71}.Debug|x64.ActiveCfg = Debug|Any CPU
		{2F651037-3E77-4D25-9A47-33CA945E3C71}.Debug|x64.Build.0 = Debug|Any CPU
		{2F651037-3E77-4D25-9A47-33CA945E3C71}.Debug|x86.ActiveCfg = Debug|Any CPU
		{2F651037-3E77-4D25-9A47-33CA945E3C71}.Debug|x86.Build.0 = Debug|Any CPU
		{2F651037-3E77-4D25-9A47-33CA945E3C71}.Release|Any CPU.ActiveCfg = Release|Any CPU
		{2F651037-3E77-4D25-9A47-33CA945E3C71}.Release|Any CPU.Build.0 = Release|Any CPU
		{2F651037-3E77-4D25-9A47-33CA945E3C71}.Release|x64.ActiveCfg = Release|Any CPU
		{2F651037-3E77-4D25-9A47-33CA945E3C71}.Release|x64.Build.0 = Release|Any CPU
		{2F651037-3E77-4D25-9A47-33CA945E3C71}.Release|x86.ActiveCfg = Release|Any CPU
		{2F651037-3E77-4D25-9A47-33CA945E3C71}.Release|x86.Build.0 = Release|Any CPU
		{DD909257-B9ED-439E-ABB5-4AB97B8AFB9D}.Debug|Any CPU.ActiveCfg = Debug|Any CPU
		{DD909257-B9ED-439E-ABB5-4AB97B8AFB9D}.Debug|Any CPU.Build.0 = Debug|Any CPU
		{DD909257-B9ED-439E-ABB5-4AB97B8AFB9D}.Debug|x64.ActiveCfg = Debug|Any CPU
		{DD909257-B9ED-439E-ABB5-4AB97B8AFB9D}.Debug|x64.Build.0 = Debug|Any CPU
		{DD909257-B9ED-439E-ABB5-4AB97B8AFB9D}.Debug|x86.ActiveCfg = Debug|Any CPU
		{DD909257-B9ED-439E-ABB5-4AB97B8AFB9D}.Debug|x86.Build.0 = Debug|Any CPU
		{DD909257-B9ED-439E-ABB5-4AB97B8AFB9D}.Release|Any CPU.ActiveCfg = Release|Any CPU
		{DD909257-B9ED-439E-ABB5-4AB97B8AFB9D}.Release|Any CPU.Build.0 = Release|Any CPU
		{DD909257-B9ED-439E-ABB5-4AB97B8AFB9D}.Release|x64.ActiveCfg = Release|Any CPU
		{DD909257-B9ED-439E-ABB5-4AB97B8AFB9D}.Release|x64.Build.0 = Release|Any CPU
		{DD909257-B9ED-439E-ABB5-4AB97B8AFB9D}.Release|x86.ActiveCfg = Release|Any CPU
		{DD909257-B9ED-439E-ABB5-4AB97B8AFB9D}.Release|x86.Build.0 = Release|Any CPU
		{2AED1E7D-3713-448C-9AC3-D9BC274F6A1F}.Debug|Any CPU.ActiveCfg = Debug|Any CPU
		{2AED1E7D-3713-448C-9AC3-D9BC274F6A1F}.Debug|Any CPU.Build.0 = Debug|Any CPU
		{2AED1E7D-3713-448C-9AC3-D9BC274F6A1F}.Debug|x64.ActiveCfg = Debug|Any CPU
		{2AED1E7D-3713-448C-9AC3-D9BC274F6A1F}.Debug|x64.Build.0 = Debug|Any CPU
		{2AED1E7D-3713-448C-9AC3-D9BC274F6A1F}.Debug|x86.ActiveCfg = Debug|Any CPU
		{2AED1E7D-3713-448C-9AC3-D9BC274F6A1F}.Debug|x86.Build.0 = Debug|Any CPU
		{2AED1E7D-3713-448C-9AC3-D9BC274F6A1F}.Release|Any CPU.ActiveCfg = Release|Any CPU
		{2AED1E7D-3713-448C-9AC3-D9BC274F6A1F}.Release|Any CPU.Build.0 = Release|Any CPU
		{2AED1E7D-3713-448C-9AC3-D9BC274F6A1F}.Release|x64.ActiveCfg = Release|Any CPU
		{2AED1E7D-3713-448C-9AC3-D9BC274F6A1F}.Release|x64.Build.0 = Release|Any CPU
		{2AED1E7D-3713-448C-9AC3-D9BC274F6A1F}.Release|x86.ActiveCfg = Release|Any CPU
		{2AED1E7D-3713-448C-9AC3-D9BC274F6A1F}.Release|x86.Build.0 = Release|Any CPU
		{C111EA8F-234F-4B11-862D-2BE5F91CF546}.Debug|Any CPU.ActiveCfg = Debug|Any CPU
		{C111EA8F-234F-4B11-862D-2BE5F91CF546}.Debug|Any CPU.Build.0 = Debug|Any CPU
		{C111EA8F-234F-4B11-862D-2BE5F91CF546}.Debug|x64.ActiveCfg = Debug|Any CPU
		{C111EA8F-234F-4B11-862D-2BE5F91CF546}.Debug|x64.Build.0 = Debug|Any CPU
		{C111EA8F-234F-4B11-862D-2BE5F91CF546}.Debug|x86.ActiveCfg = Debug|Any CPU
		{C111EA8F-234F-4B11-862D-2BE5F91CF546}.Debug|x86.Build.0 = Debug|Any CPU
		{C111EA8F-234F-4B11-862D-2BE5F91CF546}.Release|Any CPU.ActiveCfg = Release|Any CPU
		{C111EA8F-234F-4B11-862D-2BE5F91CF546}.Release|Any CPU.Build.0 = Release|Any CPU
		{C111EA8F-234F-4B11-862D-2BE5F91CF546}.Release|x64.ActiveCfg = Release|Any CPU
		{C111EA8F-234F-4B11-862D-2BE5F91CF546}.Release|x64.Build.0 = Release|Any CPU
		{C111EA8F-234F-4B11-862D-2BE5F91CF546}.Release|x86.ActiveCfg = Release|Any CPU
		{C111EA8F-234F-4B11-862D-2BE5F91CF546}.Release|x86.Build.0 = Release|Any CPU
		{CDF4C1BA-7BDD-4AD4-830E-9B8E642B020F}.Debug|Any CPU.ActiveCfg = Debug|Any CPU
		{CDF4C1BA-7BDD-4AD4-830E-9B8E642B020F}.Debug|Any CPU.Build.0 = Debug|Any CPU
		{CDF4C1BA-7BDD-4AD4-830E-9B8E642B020F}.Debug|x64.ActiveCfg = Debug|Any CPU
		{CDF4C1BA-7BDD-4AD4-830E-9B8E642B020F}.Debug|x64.Build.0 = Debug|Any CPU
		{CDF4C1BA-7BDD-4AD4-830E-9B8E642B020F}.Debug|x86.ActiveCfg = Debug|Any CPU
		{CDF4C1BA-7BDD-4AD4-830E-9B8E642B020F}.Debug|x86.Build.0 = Debug|Any CPU
		{CDF4C1BA-7BDD-4AD4-830E-9B8E642B020F}.Release|Any CPU.ActiveCfg = Release|Any CPU
		{CDF4C1BA-7BDD-4AD4-830E-9B8E642B020F}.Release|Any CPU.Build.0 = Release|Any CPU
		{CDF4C1BA-7BDD-4AD4-830E-9B8E642B020F}.Release|x64.ActiveCfg = Release|Any CPU
		{CDF4C1BA-7BDD-4AD4-830E-9B8E642B020F}.Release|x64.Build.0 = Release|Any CPU
		{CDF4C1BA-7BDD-4AD4-830E-9B8E642B020F}.Release|x86.ActiveCfg = Release|Any CPU
		{CDF4C1BA-7BDD-4AD4-830E-9B8E642B020F}.Release|x86.Build.0 = Release|Any CPU
		{11CA2596-6057-4D32-9951-AEEA12C4E9FD}.Debug|Any CPU.ActiveCfg = Debug|Any CPU
		{11CA2596-6057-4D32-9951-AEEA12C4E9FD}.Debug|Any CPU.Build.0 = Debug|Any CPU
		{11CA2596-6057-4D32-9951-AEEA12C4E9FD}.Debug|x64.ActiveCfg = Debug|Any CPU
		{11CA2596-6057-4D32-9951-AEEA12C4E9FD}.Debug|x64.Build.0 = Debug|Any CPU
		{11CA2596-6057-4D32-9951-AEEA12C4E9FD}.Debug|x86.ActiveCfg = Debug|Any CPU
		{11CA2596-6057-4D32-9951-AEEA12C4E9FD}.Debug|x86.Build.0 = Debug|Any CPU
		{11CA2596-6057-4D32-9951-AEEA12C4E9FD}.Release|Any CPU.ActiveCfg = Release|Any CPU
		{11CA2596-6057-4D32-9951-AEEA12C4E9FD}.Release|Any CPU.Build.0 = Release|Any CPU
		{11CA2596-6057-4D32-9951-AEEA12C4E9FD}.Release|x64.ActiveCfg = Release|Any CPU
		{11CA2596-6057-4D32-9951-AEEA12C4E9FD}.Release|x64.Build.0 = Release|Any CPU
		{11CA2596-6057-4D32-9951-AEEA12C4E9FD}.Release|x86.ActiveCfg = Release|Any CPU
		{11CA2596-6057-4D32-9951-AEEA12C4E9FD}.Release|x86.Build.0 = Release|Any CPU
		{B1BE613C-8354-4620-8FC8-780F201188AB}.Debug|Any CPU.ActiveCfg = Debug|Any CPU
		{B1BE613C-8354-4620-8FC8-780F201188AB}.Debug|Any CPU.Build.0 = Debug|Any CPU
		{B1BE613C-8354-4620-8FC8-780F201188AB}.Debug|x64.ActiveCfg = Debug|Any CPU
		{B1BE613C-8354-4620-8FC8-780F201188AB}.Debug|x64.Build.0 = Debug|Any CPU
		{B1BE613C-8354-4620-8FC8-780F201188AB}.Debug|x86.ActiveCfg = Debug|Any CPU
		{B1BE613C-8354-4620-8FC8-780F201188AB}.Debug|x86.Build.0 = Debug|Any CPU
		{B1BE613C-8354-4620-8FC8-780F201188AB}.Release|Any CPU.ActiveCfg = Release|Any CPU
		{B1BE613C-8354-4620-8FC8-780F201188AB}.Release|Any CPU.Build.0 = Release|Any CPU
		{B1BE613C-8354-4620-8FC8-780F201188AB}.Release|x64.ActiveCfg = Release|Any CPU
		{B1BE613C-8354-4620-8FC8-780F201188AB}.Release|x64.Build.0 = Release|Any CPU
		{B1BE613C-8354-4620-8FC8-780F201188AB}.Release|x86.ActiveCfg = Release|Any CPU
		{B1BE613C-8354-4620-8FC8-780F201188AB}.Release|x86.Build.0 = Release|Any CPU
		{74A12E9B-9096-43EC-80B4-11CC33123DCC}.Debug|Any CPU.ActiveCfg = Debug|Any CPU
		{74A12E9B-9096-43EC-80B4-11CC33123DCC}.Debug|Any CPU.Build.0 = Debug|Any CPU
		{74A12E9B-9096-43EC-80B4-11CC33123DCC}.Debug|x64.ActiveCfg = Debug|Any CPU
		{74A12E9B-9096-43EC-80B4-11CC33123DCC}.Debug|x64.Build.0 = Debug|Any CPU
		{74A12E9B-9096-43EC-80B4-11CC33123DCC}.Debug|x86.ActiveCfg = Debug|Any CPU
		{74A12E9B-9096-43EC-80B4-11CC33123DCC}.Debug|x86.Build.0 = Debug|Any CPU
		{74A12E9B-9096-43EC-80B4-11CC33123DCC}.Release|Any CPU.ActiveCfg = Release|Any CPU
		{74A12E9B-9096-43EC-80B4-11CC33123DCC}.Release|Any CPU.Build.0 = Release|Any CPU
		{74A12E9B-9096-43EC-80B4-11CC33123DCC}.Release|x64.ActiveCfg = Release|Any CPU
		{74A12E9B-9096-43EC-80B4-11CC33123DCC}.Release|x64.Build.0 = Release|Any CPU
		{74A12E9B-9096-43EC-80B4-11CC33123DCC}.Release|x86.ActiveCfg = Release|Any CPU
		{74A12E9B-9096-43EC-80B4-11CC33123DCC}.Release|x86.Build.0 = Release|Any CPU
		{A800DBFF-C6C3-4399-81FF-5D77D957865B}.Debug|Any CPU.ActiveCfg = Debug|Any CPU
		{A800DBFF-C6C3-4399-81FF-5D77D957865B}.Debug|Any CPU.Build.0 = Debug|Any CPU
		{A800DBFF-C6C3-4399-81FF-5D77D957865B}.Debug|x64.ActiveCfg = Debug|Any CPU
		{A800DBFF-C6C3-4399-81FF-5D77D957865B}.Debug|x64.Build.0 = Debug|Any CPU
		{A800DBFF-C6C3-4399-81FF-5D77D957865B}.Debug|x86.ActiveCfg = Debug|Any CPU
		{A800DBFF-C6C3-4399-81FF-5D77D957865B}.Debug|x86.Build.0 = Debug|Any CPU
		{A800DBFF-C6C3-4399-81FF-5D77D957865B}.Release|Any CPU.ActiveCfg = Release|Any CPU
		{A800DBFF-C6C3-4399-81FF-5D77D957865B}.Release|Any CPU.Build.0 = Release|Any CPU
		{A800DBFF-C6C3-4399-81FF-5D77D957865B}.Release|x64.ActiveCfg = Release|Any CPU
		{A800DBFF-C6C3-4399-81FF-5D77D957865B}.Release|x64.Build.0 = Release|Any CPU
		{A800DBFF-C6C3-4399-81FF-5D77D957865B}.Release|x86.ActiveCfg = Release|Any CPU
		{A800DBFF-C6C3-4399-81FF-5D77D957865B}.Release|x86.Build.0 = Release|Any CPU
		{CC410772-BBF3-4E8A-91F2-38864CD7400C}.Debug|Any CPU.ActiveCfg = Debug|Any CPU
		{CC410772-BBF3-4E8A-91F2-38864CD7400C}.Debug|Any CPU.Build.0 = Debug|Any CPU
		{CC410772-BBF3-4E8A-91F2-38864CD7400C}.Debug|x64.ActiveCfg = Debug|Any CPU
		{CC410772-BBF3-4E8A-91F2-38864CD7400C}.Debug|x64.Build.0 = Debug|Any CPU
		{CC410772-BBF3-4E8A-91F2-38864CD7400C}.Debug|x86.ActiveCfg = Debug|Any CPU
		{CC410772-BBF3-4E8A-91F2-38864CD7400C}.Debug|x86.Build.0 = Debug|Any CPU
		{CC410772-BBF3-4E8A-91F2-38864CD7400C}.Release|Any CPU.ActiveCfg = Release|Any CPU
		{CC410772-BBF3-4E8A-91F2-38864CD7400C}.Release|Any CPU.Build.0 = Release|Any CPU
		{CC410772-BBF3-4E8A-91F2-38864CD7400C}.Release|x64.ActiveCfg = Release|Any CPU
		{CC410772-BBF3-4E8A-91F2-38864CD7400C}.Release|x64.Build.0 = Release|Any CPU
		{CC410772-BBF3-4E8A-91F2-38864CD7400C}.Release|x86.ActiveCfg = Release|Any CPU
		{CC410772-BBF3-4E8A-91F2-38864CD7400C}.Release|x86.Build.0 = Release|Any CPU
		{47351212-DFDB-45AD-B0D0-4477CE459E0F}.Debug|Any CPU.ActiveCfg = Debug|Any CPU
		{47351212-DFDB-45AD-B0D0-4477CE459E0F}.Debug|Any CPU.Build.0 = Debug|Any CPU
		{47351212-DFDB-45AD-B0D0-4477CE459E0F}.Debug|x64.ActiveCfg = Debug|Any CPU
		{47351212-DFDB-45AD-B0D0-4477CE459E0F}.Debug|x64.Build.0 = Debug|Any CPU
		{47351212-DFDB-45AD-B0D0-4477CE459E0F}.Debug|x86.ActiveCfg = Debug|Any CPU
		{47351212-DFDB-45AD-B0D0-4477CE459E0F}.Debug|x86.Build.0 = Debug|Any CPU
		{47351212-DFDB-45AD-B0D0-4477CE459E0F}.Release|Any CPU.ActiveCfg = Release|Any CPU
		{47351212-DFDB-45AD-B0D0-4477CE459E0F}.Release|Any CPU.Build.0 = Release|Any CPU
		{47351212-DFDB-45AD-B0D0-4477CE459E0F}.Release|x64.ActiveCfg = Release|Any CPU
		{47351212-DFDB-45AD-B0D0-4477CE459E0F}.Release|x64.Build.0 = Release|Any CPU
		{47351212-DFDB-45AD-B0D0-4477CE459E0F}.Release|x86.ActiveCfg = Release|Any CPU
		{47351212-DFDB-45AD-B0D0-4477CE459E0F}.Release|x86.Build.0 = Release|Any CPU
		{00436643-DFDF-4E64-8A31-82B6367E8FA3}.Debug|Any CPU.ActiveCfg = Debug|Any CPU
		{00436643-DFDF-4E64-8A31-82B6367E8FA3}.Debug|Any CPU.Build.0 = Debug|Any CPU
		{00436643-DFDF-4E64-8A31-82B6367E8FA3}.Debug|x64.ActiveCfg = Debug|Any CPU
		{00436643-DFDF-4E64-8A31-82B6367E8FA3}.Debug|x64.Build.0 = Debug|Any CPU
		{00436643-DFDF-4E64-8A31-82B6367E8FA3}.Debug|x86.ActiveCfg = Debug|Any CPU
		{00436643-DFDF-4E64-8A31-82B6367E8FA3}.Debug|x86.Build.0 = Debug|Any CPU
		{00436643-DFDF-4E64-8A31-82B6367E8FA3}.Release|Any CPU.ActiveCfg = Release|Any CPU
		{00436643-DFDF-4E64-8A31-82B6367E8FA3}.Release|Any CPU.Build.0 = Release|Any CPU
		{00436643-DFDF-4E64-8A31-82B6367E8FA3}.Release|x64.ActiveCfg = Release|Any CPU
		{00436643-DFDF-4E64-8A31-82B6367E8FA3}.Release|x64.Build.0 = Release|Any CPU
		{00436643-DFDF-4E64-8A31-82B6367E8FA3}.Release|x86.ActiveCfg = Release|Any CPU
		{00436643-DFDF-4E64-8A31-82B6367E8FA3}.Release|x86.Build.0 = Release|Any CPU
		{225B6127-53F5-47A0-A728-F549B82CF32A}.Debug|Any CPU.ActiveCfg = Debug|Any CPU
		{225B6127-53F5-47A0-A728-F549B82CF32A}.Debug|Any CPU.Build.0 = Debug|Any CPU
		{225B6127-53F5-47A0-A728-F549B82CF32A}.Debug|x64.ActiveCfg = Debug|Any CPU
		{225B6127-53F5-47A0-A728-F549B82CF32A}.Debug|x64.Build.0 = Debug|Any CPU
		{225B6127-53F5-47A0-A728-F549B82CF32A}.Debug|x86.ActiveCfg = Debug|Any CPU
		{225B6127-53F5-47A0-A728-F549B82CF32A}.Debug|x86.Build.0 = Debug|Any CPU
		{225B6127-53F5-47A0-A728-F549B82CF32A}.Release|Any CPU.ActiveCfg = Release|Any CPU
		{225B6127-53F5-47A0-A728-F549B82CF32A}.Release|Any CPU.Build.0 = Release|Any CPU
		{225B6127-53F5-47A0-A728-F549B82CF32A}.Release|x64.ActiveCfg = Release|Any CPU
		{225B6127-53F5-47A0-A728-F549B82CF32A}.Release|x64.Build.0 = Release|Any CPU
		{225B6127-53F5-47A0-A728-F549B82CF32A}.Release|x86.ActiveCfg = Release|Any CPU
		{225B6127-53F5-47A0-A728-F549B82CF32A}.Release|x86.Build.0 = Release|Any CPU
		{9F695AB0-ABCB-4FC4-BD36-84FAAA64A582}.Debug|Any CPU.ActiveCfg = Debug|Any CPU
		{9F695AB0-ABCB-4FC4-BD36-84FAAA64A582}.Debug|Any CPU.Build.0 = Debug|Any CPU
		{9F695AB0-ABCB-4FC4-BD36-84FAAA64A582}.Debug|x64.ActiveCfg = Debug|Any CPU
		{9F695AB0-ABCB-4FC4-BD36-84FAAA64A582}.Debug|x64.Build.0 = Debug|Any CPU
		{9F695AB0-ABCB-4FC4-BD36-84FAAA64A582}.Debug|x86.ActiveCfg = Debug|Any CPU
		{9F695AB0-ABCB-4FC4-BD36-84FAAA64A582}.Debug|x86.Build.0 = Debug|Any CPU
		{9F695AB0-ABCB-4FC4-BD36-84FAAA64A582}.Release|Any CPU.ActiveCfg = Release|Any CPU
		{9F695AB0-ABCB-4FC4-BD36-84FAAA64A582}.Release|Any CPU.Build.0 = Release|Any CPU
		{9F695AB0-ABCB-4FC4-BD36-84FAAA64A582}.Release|x64.ActiveCfg = Release|Any CPU
		{9F695AB0-ABCB-4FC4-BD36-84FAAA64A582}.Release|x64.Build.0 = Release|Any CPU
		{9F695AB0-ABCB-4FC4-BD36-84FAAA64A582}.Release|x86.ActiveCfg = Release|Any CPU
		{9F695AB0-ABCB-4FC4-BD36-84FAAA64A582}.Release|x86.Build.0 = Release|Any CPU
		{72A8B4D6-AD59-43AC-9E55-DB6C17EF3AA8}.Debug|Any CPU.ActiveCfg = Debug|Any CPU
		{72A8B4D6-AD59-43AC-9E55-DB6C17EF3AA8}.Debug|Any CPU.Build.0 = Debug|Any CPU
		{72A8B4D6-AD59-43AC-9E55-DB6C17EF3AA8}.Debug|x64.ActiveCfg = Debug|Any CPU
		{72A8B4D6-AD59-43AC-9E55-DB6C17EF3AA8}.Debug|x64.Build.0 = Debug|Any CPU
		{72A8B4D6-AD59-43AC-9E55-DB6C17EF3AA8}.Debug|x86.ActiveCfg = Debug|Any CPU
		{72A8B4D6-AD59-43AC-9E55-DB6C17EF3AA8}.Debug|x86.Build.0 = Debug|Any CPU
		{72A8B4D6-AD59-43AC-9E55-DB6C17EF3AA8}.Release|Any CPU.ActiveCfg = Release|Any CPU
		{72A8B4D6-AD59-43AC-9E55-DB6C17EF3AA8}.Release|Any CPU.Build.0 = Release|Any CPU
		{72A8B4D6-AD59-43AC-9E55-DB6C17EF3AA8}.Release|x64.ActiveCfg = Release|Any CPU
		{72A8B4D6-AD59-43AC-9E55-DB6C17EF3AA8}.Release|x64.Build.0 = Release|Any CPU
		{72A8B4D6-AD59-43AC-9E55-DB6C17EF3AA8}.Release|x86.ActiveCfg = Release|Any CPU
		{72A8B4D6-AD59-43AC-9E55-DB6C17EF3AA8}.Release|x86.Build.0 = Release|Any CPU
		{35492700-01F5-4020-AC10-3D210993E5DA}.Debug|Any CPU.ActiveCfg = Debug|Any CPU
		{35492700-01F5-4020-AC10-3D210993E5DA}.Debug|Any CPU.Build.0 = Debug|Any CPU
		{35492700-01F5-4020-AC10-3D210993E5DA}.Debug|x64.ActiveCfg = Debug|Any CPU
		{35492700-01F5-4020-AC10-3D210993E5DA}.Debug|x64.Build.0 = Debug|Any CPU
		{35492700-01F5-4020-AC10-3D210993E5DA}.Debug|x86.ActiveCfg = Debug|Any CPU
		{35492700-01F5-4020-AC10-3D210993E5DA}.Debug|x86.Build.0 = Debug|Any CPU
		{35492700-01F5-4020-AC10-3D210993E5DA}.Release|Any CPU.ActiveCfg = Release|Any CPU
		{35492700-01F5-4020-AC10-3D210993E5DA}.Release|Any CPU.Build.0 = Release|Any CPU
		{35492700-01F5-4020-AC10-3D210993E5DA}.Release|x64.ActiveCfg = Release|Any CPU
		{35492700-01F5-4020-AC10-3D210993E5DA}.Release|x64.Build.0 = Release|Any CPU
		{35492700-01F5-4020-AC10-3D210993E5DA}.Release|x86.ActiveCfg = Release|Any CPU
		{35492700-01F5-4020-AC10-3D210993E5DA}.Release|x86.Build.0 = Release|Any CPU
		{634770D3-DDA8-47FD-AF39-5230B7BEAEED}.Debug|Any CPU.ActiveCfg = Debug|Any CPU
		{634770D3-DDA8-47FD-AF39-5230B7BEAEED}.Debug|Any CPU.Build.0 = Debug|Any CPU
		{634770D3-DDA8-47FD-AF39-5230B7BEAEED}.Debug|x64.ActiveCfg = Debug|Any CPU
		{634770D3-DDA8-47FD-AF39-5230B7BEAEED}.Debug|x64.Build.0 = Debug|Any CPU
		{634770D3-DDA8-47FD-AF39-5230B7BEAEED}.Debug|x86.ActiveCfg = Debug|Any CPU
		{634770D3-DDA8-47FD-AF39-5230B7BEAEED}.Debug|x86.Build.0 = Debug|Any CPU
		{634770D3-DDA8-47FD-AF39-5230B7BEAEED}.Release|Any CPU.ActiveCfg = Release|Any CPU
		{634770D3-DDA8-47FD-AF39-5230B7BEAEED}.Release|Any CPU.Build.0 = Release|Any CPU
		{634770D3-DDA8-47FD-AF39-5230B7BEAEED}.Release|x64.ActiveCfg = Release|Any CPU
		{634770D3-DDA8-47FD-AF39-5230B7BEAEED}.Release|x64.Build.0 = Release|Any CPU
		{634770D3-DDA8-47FD-AF39-5230B7BEAEED}.Release|x86.ActiveCfg = Release|Any CPU
		{634770D3-DDA8-47FD-AF39-5230B7BEAEED}.Release|x86.Build.0 = Release|Any CPU
		{6ACFB125-0DC0-430D-B2B6-FAF3BE5BE066}.Debug|Any CPU.ActiveCfg = Debug|Any CPU
		{6ACFB125-0DC0-430D-B2B6-FAF3BE5BE066}.Debug|Any CPU.Build.0 = Debug|Any CPU
		{6ACFB125-0DC0-430D-B2B6-FAF3BE5BE066}.Debug|x64.ActiveCfg = Debug|Any CPU
		{6ACFB125-0DC0-430D-B2B6-FAF3BE5BE066}.Debug|x64.Build.0 = Debug|Any CPU
		{6ACFB125-0DC0-430D-B2B6-FAF3BE5BE066}.Debug|x86.ActiveCfg = Debug|Any CPU
		{6ACFB125-0DC0-430D-B2B6-FAF3BE5BE066}.Debug|x86.Build.0 = Debug|Any CPU
		{6ACFB125-0DC0-430D-B2B6-FAF3BE5BE066}.Release|Any CPU.ActiveCfg = Release|Any CPU
		{6ACFB125-0DC0-430D-B2B6-FAF3BE5BE066}.Release|Any CPU.Build.0 = Release|Any CPU
		{6ACFB125-0DC0-430D-B2B6-FAF3BE5BE066}.Release|x64.ActiveCfg = Release|Any CPU
		{6ACFB125-0DC0-430D-B2B6-FAF3BE5BE066}.Release|x64.Build.0 = Release|Any CPU
		{6ACFB125-0DC0-430D-B2B6-FAF3BE5BE066}.Release|x86.ActiveCfg = Release|Any CPU
		{6ACFB125-0DC0-430D-B2B6-FAF3BE5BE066}.Release|x86.Build.0 = Release|Any CPU
		{8DAC83CB-E1C3-4978-9DC4-01E0118DC275}.Debug|Any CPU.ActiveCfg = Debug|Any CPU
		{8DAC83CB-E1C3-4978-9DC4-01E0118DC275}.Debug|Any CPU.Build.0 = Debug|Any CPU
		{8DAC83CB-E1C3-4978-9DC4-01E0118DC275}.Debug|x64.ActiveCfg = Debug|Any CPU
		{8DAC83CB-E1C3-4978-9DC4-01E0118DC275}.Debug|x64.Build.0 = Debug|Any CPU
		{8DAC83CB-E1C3-4978-9DC4-01E0118DC275}.Debug|x86.ActiveCfg = Debug|Any CPU
		{8DAC83CB-E1C3-4978-9DC4-01E0118DC275}.Debug|x86.Build.0 = Debug|Any CPU
		{8DAC83CB-E1C3-4978-9DC4-01E0118DC275}.Release|Any CPU.ActiveCfg = Release|Any CPU
		{8DAC83CB-E1C3-4978-9DC4-01E0118DC275}.Release|Any CPU.Build.0 = Release|Any CPU
		{8DAC83CB-E1C3-4978-9DC4-01E0118DC275}.Release|x64.ActiveCfg = Release|Any CPU
		{8DAC83CB-E1C3-4978-9DC4-01E0118DC275}.Release|x64.Build.0 = Release|Any CPU
		{8DAC83CB-E1C3-4978-9DC4-01E0118DC275}.Release|x86.ActiveCfg = Release|Any CPU
		{8DAC83CB-E1C3-4978-9DC4-01E0118DC275}.Release|x86.Build.0 = Release|Any CPU
		{8B782156-DC03-4FD0-B96D-87DED4024851}.Debug|Any CPU.ActiveCfg = Debug|Any CPU
		{8B782156-DC03-4FD0-B96D-87DED4024851}.Debug|Any CPU.Build.0 = Debug|Any CPU
		{8B782156-DC03-4FD0-B96D-87DED4024851}.Debug|x64.ActiveCfg = Debug|Any CPU
		{8B782156-DC03-4FD0-B96D-87DED4024851}.Debug|x64.Build.0 = Debug|Any CPU
		{8B782156-DC03-4FD0-B96D-87DED4024851}.Debug|x86.ActiveCfg = Debug|Any CPU
		{8B782156-DC03-4FD0-B96D-87DED4024851}.Debug|x86.Build.0 = Debug|Any CPU
		{8B782156-DC03-4FD0-B96D-87DED4024851}.Release|Any CPU.ActiveCfg = Release|Any CPU
		{8B782156-DC03-4FD0-B96D-87DED4024851}.Release|Any CPU.Build.0 = Release|Any CPU
		{8B782156-DC03-4FD0-B96D-87DED4024851}.Release|x64.ActiveCfg = Release|Any CPU
		{8B782156-DC03-4FD0-B96D-87DED4024851}.Release|x64.Build.0 = Release|Any CPU
		{8B782156-DC03-4FD0-B96D-87DED4024851}.Release|x86.ActiveCfg = Release|Any CPU
		{8B782156-DC03-4FD0-B96D-87DED4024851}.Release|x86.Build.0 = Release|Any CPU
		{B30DF757-610E-4987-86E8-75C683C9497D}.Debug|Any CPU.ActiveCfg = Debug|Any CPU
		{B30DF757-610E-4987-86E8-75C683C9497D}.Debug|Any CPU.Build.0 = Debug|Any CPU
		{B30DF757-610E-4987-86E8-75C683C9497D}.Debug|x64.ActiveCfg = Debug|Any CPU
		{B30DF757-610E-4987-86E8-75C683C9497D}.Debug|x64.Build.0 = Debug|Any CPU
		{B30DF757-610E-4987-86E8-75C683C9497D}.Debug|x86.ActiveCfg = Debug|Any CPU
		{B30DF757-610E-4987-86E8-75C683C9497D}.Debug|x86.Build.0 = Debug|Any CPU
		{B30DF757-610E-4987-86E8-75C683C9497D}.Release|Any CPU.ActiveCfg = Release|Any CPU
		{B30DF757-610E-4987-86E8-75C683C9497D}.Release|Any CPU.Build.0 = Release|Any CPU
		{B30DF757-610E-4987-86E8-75C683C9497D}.Release|x64.ActiveCfg = Release|Any CPU
		{B30DF757-610E-4987-86E8-75C683C9497D}.Release|x64.Build.0 = Release|Any CPU
		{B30DF757-610E-4987-86E8-75C683C9497D}.Release|x86.ActiveCfg = Release|Any CPU
		{B30DF757-610E-4987-86E8-75C683C9497D}.Release|x86.Build.0 = Release|Any CPU
		{CB022F99-3B2F-44FE-874F-AD3211E1CC32}.Debug|Any CPU.ActiveCfg = Debug|Any CPU
		{CB022F99-3B2F-44FE-874F-AD3211E1CC32}.Debug|Any CPU.Build.0 = Debug|Any CPU
		{CB022F99-3B2F-44FE-874F-AD3211E1CC32}.Debug|x64.ActiveCfg = Debug|Any CPU
		{CB022F99-3B2F-44FE-874F-AD3211E1CC32}.Debug|x64.Build.0 = Debug|Any CPU
		{CB022F99-3B2F-44FE-874F-AD3211E1CC32}.Debug|x86.ActiveCfg = Debug|Any CPU
		{CB022F99-3B2F-44FE-874F-AD3211E1CC32}.Debug|x86.Build.0 = Debug|Any CPU
		{CB022F99-3B2F-44FE-874F-AD3211E1CC32}.Release|Any CPU.ActiveCfg = Release|Any CPU
		{CB022F99-3B2F-44FE-874F-AD3211E1CC32}.Release|Any CPU.Build.0 = Release|Any CPU
		{CB022F99-3B2F-44FE-874F-AD3211E1CC32}.Release|x64.ActiveCfg = Release|Any CPU
		{CB022F99-3B2F-44FE-874F-AD3211E1CC32}.Release|x64.Build.0 = Release|Any CPU
		{CB022F99-3B2F-44FE-874F-AD3211E1CC32}.Release|x86.ActiveCfg = Release|Any CPU
		{CB022F99-3B2F-44FE-874F-AD3211E1CC32}.Release|x86.Build.0 = Release|Any CPU
		{93111AF4-D3C7-4156-B7B3-109D1021CD04}.Debug|Any CPU.ActiveCfg = Debug|Any CPU
		{93111AF4-D3C7-4156-B7B3-109D1021CD04}.Debug|Any CPU.Build.0 = Debug|Any CPU
		{93111AF4-D3C7-4156-B7B3-109D1021CD04}.Debug|x64.ActiveCfg = Debug|Any CPU
		{93111AF4-D3C7-4156-B7B3-109D1021CD04}.Debug|x64.Build.0 = Debug|Any CPU
		{93111AF4-D3C7-4156-B7B3-109D1021CD04}.Debug|x86.ActiveCfg = Debug|Any CPU
		{93111AF4-D3C7-4156-B7B3-109D1021CD04}.Debug|x86.Build.0 = Debug|Any CPU
		{93111AF4-D3C7-4156-B7B3-109D1021CD04}.Release|Any CPU.ActiveCfg = Release|Any CPU
		{93111AF4-D3C7-4156-B7B3-109D1021CD04}.Release|Any CPU.Build.0 = Release|Any CPU
		{93111AF4-D3C7-4156-B7B3-109D1021CD04}.Release|x64.ActiveCfg = Release|Any CPU
		{93111AF4-D3C7-4156-B7B3-109D1021CD04}.Release|x64.Build.0 = Release|Any CPU
		{93111AF4-D3C7-4156-B7B3-109D1021CD04}.Release|x86.ActiveCfg = Release|Any CPU
		{93111AF4-D3C7-4156-B7B3-109D1021CD04}.Release|x86.Build.0 = Release|Any CPU
		{4B8957D0-5F4D-45AA-B1EA-20D4EF725063}.Debug|Any CPU.ActiveCfg = Debug|Any CPU
		{4B8957D0-5F4D-45AA-B1EA-20D4EF725063}.Debug|Any CPU.Build.0 = Debug|Any CPU
		{4B8957D0-5F4D-45AA-B1EA-20D4EF725063}.Debug|x64.ActiveCfg = Debug|Any CPU
		{4B8957D0-5F4D-45AA-B1EA-20D4EF725063}.Debug|x64.Build.0 = Debug|Any CPU
		{4B8957D0-5F4D-45AA-B1EA-20D4EF725063}.Debug|x86.ActiveCfg = Debug|Any CPU
		{4B8957D0-5F4D-45AA-B1EA-20D4EF725063}.Debug|x86.Build.0 = Debug|Any CPU
		{4B8957D0-5F4D-45AA-B1EA-20D4EF725063}.Release|Any CPU.ActiveCfg = Release|Any CPU
		{4B8957D0-5F4D-45AA-B1EA-20D4EF725063}.Release|Any CPU.Build.0 = Release|Any CPU
		{4B8957D0-5F4D-45AA-B1EA-20D4EF725063}.Release|x64.ActiveCfg = Release|Any CPU
		{4B8957D0-5F4D-45AA-B1EA-20D4EF725063}.Release|x64.Build.0 = Release|Any CPU
		{4B8957D0-5F4D-45AA-B1EA-20D4EF725063}.Release|x86.ActiveCfg = Release|Any CPU
		{4B8957D0-5F4D-45AA-B1EA-20D4EF725063}.Release|x86.Build.0 = Release|Any CPU
		{CDEF37A9-2969-478C-9739-8F554F1A03AD}.Debug|Any CPU.ActiveCfg = Debug|Any CPU
		{CDEF37A9-2969-478C-9739-8F554F1A03AD}.Debug|Any CPU.Build.0 = Debug|Any CPU
		{CDEF37A9-2969-478C-9739-8F554F1A03AD}.Debug|x64.ActiveCfg = Debug|Any CPU
		{CDEF37A9-2969-478C-9739-8F554F1A03AD}.Debug|x64.Build.0 = Debug|Any CPU
		{CDEF37A9-2969-478C-9739-8F554F1A03AD}.Debug|x86.ActiveCfg = Debug|Any CPU
		{CDEF37A9-2969-478C-9739-8F554F1A03AD}.Debug|x86.Build.0 = Debug|Any CPU
		{CDEF37A9-2969-478C-9739-8F554F1A03AD}.Release|Any CPU.ActiveCfg = Release|Any CPU
		{CDEF37A9-2969-478C-9739-8F554F1A03AD}.Release|Any CPU.Build.0 = Release|Any CPU
		{CDEF37A9-2969-478C-9739-8F554F1A03AD}.Release|x64.ActiveCfg = Release|Any CPU
		{CDEF37A9-2969-478C-9739-8F554F1A03AD}.Release|x64.Build.0 = Release|Any CPU
		{CDEF37A9-2969-478C-9739-8F554F1A03AD}.Release|x86.ActiveCfg = Release|Any CPU
		{CDEF37A9-2969-478C-9739-8F554F1A03AD}.Release|x86.Build.0 = Release|Any CPU
	EndGlobalSection
	GlobalSection(SolutionProperties) = preSolution
		HideSolutionNode = FALSE
	EndGlobalSection
	GlobalSection(NestedProjects) = preSolution
		{00B920E4-100F-D869-D8B1-04B3A2ED45DA} = {827E0CD3-B72D-47B6-A68D-7590B98EB39B}
		{92BF007E-1C3C-E34C-96B5-31684F1F7679} = {00B920E4-100F-D869-D8B1-04B3A2ED45DA}
		{24864D11-3987-4554-84CF-4D55A4884828} = {92BF007E-1C3C-E34C-96B5-31684F1F7679}
		{383E3C98-1C43-3E7A-C446-7D9988CF0A3D} = {00B920E4-100F-D869-D8B1-04B3A2ED45DA}
		{A5F64E25-CBC8-4B08-A0D9-890304F0DA68} = {383E3C98-1C43-3E7A-C446-7D9988CF0A3D}
		{C8E42992-5E42-0C2B-DBFE-AA848D06431C} = {827E0CD3-B72D-47B6-A68D-7590B98EB39B}
		{2F651037-3E77-4D25-9A47-33CA945E3C71} = {C8E42992-5E42-0C2B-DBFE-AA848D06431C}
		{E6B48023-E680-40DA-9E17-319585C26937} = {827E0CD3-B72D-47B6-A68D-7590B98EB39B}
		{50DADBC4-9040-1B74-AEB1-61E90018BA1A} = {E6B48023-E680-40DA-9E17-319585C26937}
		{DD909257-B9ED-439E-ABB5-4AB97B8AFB9D} = {50DADBC4-9040-1B74-AEB1-61E90018BA1A}
		{30F52E1B-2065-3979-81FB-32626219C0AC} = {383E3C98-1C43-3E7A-C446-7D9988CF0A3D}
		{2AED1E7D-3713-448C-9AC3-D9BC274F6A1F} = {30F52E1B-2065-3979-81FB-32626219C0AC}
		{EFD50D3E-B660-8E4D-58B1-89A9B03DFF5B} = {00B920E4-100F-D869-D8B1-04B3A2ED45DA}
		{C111EA8F-234F-4B11-862D-2BE5F91CF546} = {EFD50D3E-B660-8E4D-58B1-89A9B03DFF5B}
		{2589A747-2620-948A-BF95-375CBE2B0743} = {00B920E4-100F-D869-D8B1-04B3A2ED45DA}
		{CDF4C1BA-7BDD-4AD4-830E-9B8E642B020F} = {2589A747-2620-948A-BF95-375CBE2B0743}
		{0709ABFC-1B30-524A-C8D4-D4FA21225C58} = {E6B48023-E680-40DA-9E17-319585C26937}
		{11CA2596-6057-4D32-9951-AEEA12C4E9FD} = {0709ABFC-1B30-524A-C8D4-D4FA21225C58}
		{E63DB403-D13E-8223-5832-416DEDAEA7B1} = {E6B48023-E680-40DA-9E17-319585C26937}
		{B1BE613C-8354-4620-8FC8-780F201188AB} = {E63DB403-D13E-8223-5832-416DEDAEA7B1}
		{AB4CC792-E94B-D8DE-AA60-C8C95BDD6374} = {C8E42992-5E42-0C2B-DBFE-AA848D06431C}
		{FFD4FB3A-853B-3302-CD11-76C1980CE693} = {AB4CC792-E94B-D8DE-AA60-C8C95BDD6374}
		{74A12E9B-9096-43EC-80B4-11CC33123DCC} = {FFD4FB3A-853B-3302-CD11-76C1980CE693}
		{5DE2B825-CCEA-C35C-3AF8-3E1712F53ECC} = {E6B48023-E680-40DA-9E17-319585C26937}
		{01B289CA-5206-B59A-3852-9D92FA8F7EFF} = {5DE2B825-CCEA-C35C-3AF8-3E1712F53ECC}
		{DF5698C4-C1F3-03AA-8D6B-3AFA5D6E4DCD} = {01B289CA-5206-B59A-3852-9D92FA8F7EFF}
		{A800DBFF-C6C3-4399-81FF-5D77D957865B} = {DF5698C4-C1F3-03AA-8D6B-3AFA5D6E4DCD}
		{BA332984-2672-35BF-B7FC-F60CC2FBDB2D} = {5DE2B825-CCEA-C35C-3AF8-3E1712F53ECC}
		{CC410772-BBF3-4E8A-91F2-38864CD7400C} = {BA332984-2672-35BF-B7FC-F60CC2FBDB2D}
		{6C5B26EC-2FE2-79FE-35C6-7063E0AA6514} = {01B289CA-5206-B59A-3852-9D92FA8F7EFF}
		{F7759DCE-C5D7-2869-BCA5-88EAA27B55E5} = {6C5B26EC-2FE2-79FE-35C6-7063E0AA6514}
		{47351212-DFDB-45AD-B0D0-4477CE459E0F} = {F7759DCE-C5D7-2869-BCA5-88EAA27B55E5}
		{886C440F-01D0-267F-AA68-4ED1BB3445DD} = {6C5B26EC-2FE2-79FE-35C6-7063E0AA6514}
		{00436643-DFDF-4E64-8A31-82B6367E8FA3} = {886C440F-01D0-267F-AA68-4ED1BB3445DD}
		{69861065-3174-DBDE-9B04-6E4FA06DA24A} = {5DE2B825-CCEA-C35C-3AF8-3E1712F53ECC}
		{225B6127-53F5-47A0-A728-F549B82CF32A} = {69861065-3174-DBDE-9B04-6E4FA06DA24A}
		{1776547F-3325-FD1B-03A3-0CE034D1293E} = {5DE2B825-CCEA-C35C-3AF8-3E1712F53ECC}
		{9F695AB0-ABCB-4FC4-BD36-84FAAA64A582} = {1776547F-3325-FD1B-03A3-0CE034D1293E}
		{D1EEF55D-5256-00D6-EA8A-3F587B1615F1} = {5DE2B825-CCEA-C35C-3AF8-3E1712F53ECC}
		{72A8B4D6-AD59-43AC-9E55-DB6C17EF3AA8} = {D1EEF55D-5256-00D6-EA8A-3F587B1615F1}
		{F4D020FA-A95F-4FA7-1964-B1BB86E880E3} = {AB4CC792-E94B-D8DE-AA60-C8C95BDD6374}
		{35492700-01F5-4020-AC10-3D210993E5DA} = {F4D020FA-A95F-4FA7-1964-B1BB86E880E3}
		{634770D3-DDA8-47FD-AF39-5230B7BEAEED} = {0AB3BF05-4346-4AA6-1389-037BE0695223}
		{6ACFB125-0DC0-430D-B2B6-FAF3BE5BE066} = {0AB3BF05-4346-4AA6-1389-037BE0695223}
		{8DAC83CB-E1C3-4978-9DC4-01E0118DC275} = {0AB3BF05-4346-4AA6-1389-037BE0695223}
		{8B782156-DC03-4FD0-B96D-87DED4024851} = {0AB3BF05-4346-4AA6-1389-037BE0695223}
		{B30DF757-610E-4987-86E8-75C683C9497D} = {0AB3BF05-4346-4AA6-1389-037BE0695223}
		{CB022F99-3B2F-44FE-874F-AD3211E1CC32} = {0AB3BF05-4346-4AA6-1389-037BE0695223}
		{93111AF4-D3C7-4156-B7B3-109D1021CD04} = {0AB3BF05-4346-4AA6-1389-037BE0695223}
		{4B8957D0-5F4D-45AA-B1EA-20D4EF725063} = {0AB3BF05-4346-4AA6-1389-037BE0695223}
		{CDEF37A9-2969-478C-9739-8F554F1A03AD} = {0AB3BF05-4346-4AA6-1389-037BE0695223}
	EndGlobalSection
EndGlobal
