
Microsoft Visual Studio Solution File, Format Version 12.00
# Visual Studio Version 17
VisualStudioVersion = 17.8.34309.116
MinimumVisualStudioVersion = 10.0.40219.1
Project("{2150E333-8FDC-42A3-9474-1A3956D46DE8}") = "MAUI", "MAUI", "{7C3B9E78-70FB-4CBC-99C5-51B5AF6B268D}"
EndProject
Project("{9A19103F-16F7-4668-BE54-9A1E7A4F7556}") = "MAUI", "src\MAUI\MAUI.csproj", "{400F9F1A-8410-4612-90C8-E7BC7A5D3656}"
EndProject
Project("{2150E333-8FDC-42A3-9474-1A3956D46DE8}") = "Shared", "Shared", "{D9016FB8-C399-4089-8538-8483DCAE9B31}"
EndProject
Project("{9A19103F-16F7-4668-BE54-9A1E7A4F7556}") = "Components", "src\Shared\Components\Components.csproj", "{5111F36C-D4FE-4B4D-BFF7-3854932CB599}"
EndProject
Project("{9A19103F-16F7-4668-BE54-9A1E7A4F7556}") = "Domain", "src\Shared\Models\Domain.csproj", "{5CDF7FDA-E9A9-4D7B-B101-1BA2F3167388}"
EndProject
Project("{9A19103F-16F7-4668-BE54-9A1E7A4F7556}") = "Services", "src\Shared\Services\Services.csproj", "{000EEB0A-C601-49CC-B10F-441DF47E0C26}"
EndProject
Project("{2150E333-8FDC-42A3-9474-1A3956D46DE8}") = "Web", "Web", "{480B0A1B-829D-4B7C-B232-423F445336AA}"
EndProject
Project("{9A19103F-16F7-4668-BE54-9A1E7A4F7556}") = "Web", "src\Web\Web\Web.csproj", "{39779AFC-6A4E-4568-8728-A8EC8319FB9D}"
EndProject
Project("{9A19103F-16F7-4668-BE54-9A1E7A4F7556}") = "Web.Client", "src\Web\Web.Client\Web.Client.csproj", "{6E724904-4847-463E-956A-5E87BEB5F8D4}"
EndProject
Project("{9A19103F-16F7-4668-BE54-9A1E7A4F7556}") = "Pages", "src\Shared\Pages\Pages.csproj", "{6FCB6689-B03C-4B78-9C28-A235C017213E}"
EndProject
Global
	GlobalSection(SolutionConfigurationPlatforms) = preSolution
		Debug|Any CPU = Debug|Any CPU
		Release|Any CPU = Release|Any CPU
	EndGlobalSection
	GlobalSection(ProjectConfigurationPlatforms) = postSolution
		{400F9F1A-8410-4612-90C8-E7BC7A5D3656}.Debug|Any CPU.ActiveCfg = Debug|Any CPU
		{400F9F1A-8410-4612-90C8-E7BC7A5D3656}.Debug|Any CPU.Build.0 = Debug|Any CPU
		{400F9F1A-8410-4612-90C8-E7BC7A5D3656}.Debug|Any CPU.Deploy.0 = Debug|Any CPU
		{400F9F1A-8410-4612-90C8-E7BC7A5D3656}.Release|Any CPU.ActiveCfg = Release|Any CPU
		{400F9F1A-8410-4612-90C8-E7BC7A5D3656}.Release|Any CPU.Build.0 = Release|Any CPU
		{400F9F1A-8410-4612-90C8-E7BC7A5D3656}.Release|Any CPU.Deploy.0 = Release|Any CPU
		{5111F36C-D4FE-4B4D-BFF7-3854932CB599}.Debug|Any CPU.ActiveCfg = Debug|Any CPU
		{5111F36C-D4FE-4B4D-BFF7-3854932CB599}.Debug|Any CPU.Build.0 = Debug|Any CPU
		{5111F36C-D4FE-4B4D-BFF7-3854932CB599}.Release|Any CPU.ActiveCfg = Release|Any CPU
		{5111F36C-D4FE-4B4D-BFF7-3854932CB599}.Release|Any CPU.Build.0 = Release|Any CPU
		{5CDF7FDA-E9A9-4D7B-B101-1BA2F3167388}.Debug|Any CPU.ActiveCfg = Debug|Any CPU
		{5CDF7FDA-E9A9-4D7B-B101-1BA2F3167388}.Debug|Any CPU.Build.0 = Debug|Any CPU
		{5CDF7FDA-E9A9-4D7B-B101-1BA2F3167388}.Release|Any CPU.ActiveCfg = Release|Any CPU
		{5CDF7FDA-E9A9-4D7B-B101-1BA2F3167388}.Release|Any CPU.Build.0 = Release|Any CPU
		{000EEB0A-C601-49CC-B10F-441DF47E0C26}.Debug|Any CPU.ActiveCfg = Debug|Any CPU
		{000EEB0A-C601-49CC-B10F-441DF47E0C26}.Debug|Any CPU.Build.0 = Debug|Any CPU
		{000EEB0A-C601-49CC-B10F-441DF47E0C26}.Release|Any CPU.ActiveCfg = Release|Any CPU
		{000EEB0A-C601-49CC-B10F-441DF47E0C26}.Release|Any CPU.Build.0 = Release|Any CPU
		{39779AFC-6A4E-4568-8728-A8EC8319FB9D}.Debug|Any CPU.ActiveCfg = Debug|Any CPU
		{39779AFC-6A4E-4568-8728-A8EC8319FB9D}.Debug|Any CPU.Build.0 = Debug|Any CPU
		{39779AFC-6A4E-4568-8728-A8EC8319FB9D}.Release|Any CPU.ActiveCfg = Release|Any CPU
		{39779AFC-6A4E-4568-8728-A8EC8319FB9D}.Release|Any CPU.Build.0 = Release|Any CPU
		{6E724904-4847-463E-956A-5E87BEB5F8D4}.Debug|Any CPU.ActiveCfg = Debug|Any CPU
		{6E724904-4847-463E-956A-5E87BEB5F8D4}.Debug|Any CPU.Build.0 = Debug|Any CPU
		{6E724904-4847-463E-956A-5E87BEB5F8D4}.Release|Any CPU.ActiveCfg = Release|Any CPU
		{6E724904-4847-463E-956A-5E87BEB5F8D4}.Release|Any CPU.Build.0 = Release|Any CPU
		{6FCB6689-B03C-4B78-9C28-A235C017213E}.Debug|Any CPU.ActiveCfg = Debug|Any CPU
		{6FCB6689-B03C-4B78-9C28-A235C017213E}.Debug|Any CPU.Build.0 = Debug|Any CPU
		{6FCB6689-B03C-4B78-9C28-A235C017213E}.Release|Any CPU.ActiveCfg = Release|Any CPU
		{6FCB6689-B03C-4B78-9C28-A235C017213E}.Release|Any CPU.Build.0 = Release|Any CPU
	EndGlobalSection
	GlobalSection(SolutionProperties) = preSolution
		HideSolutionNode = FALSE
	EndGlobalSection
	GlobalSection(NestedProjects) = preSolution
		{400F9F1A-8410-4612-90C8-E7BC7A5D3656} = {7C3B9E78-70FB-4CBC-99C5-51B5AF6B268D}
		{5111F36C-D4FE-4B4D-BFF7-3854932CB599} = {D9016FB8-C399-4089-8538-8483DCAE9B31}
		{5CDF7FDA-E9A9-4D7B-B101-1BA2F3167388} = {D9016FB8-C399-4089-8538-8483DCAE9B31}
		{000EEB0A-C601-49CC-B10F-441DF47E0C26} = {D9016FB8-C399-4089-8538-8483DCAE9B31}
		{39779AFC-6A4E-4568-8728-A8EC8319FB9D} = {480B0A1B-829D-4B7C-B232-423F445336AA}
		{6E724904-4847-463E-956A-5E87BEB5F8D4} = {480B0A1B-829D-4B7C-B232-423F445336AA}
		{6FCB6689-B03C-4B78-9C28-A235C017213E} = {D9016FB8-C399-4089-8538-8483DCAE9B31}
	EndGlobalSection
	GlobalSection(ExtensibilityGlobals) = postSolution
		SolutionGuid = {728D7518-2F22-42E8-997D-6DA50816DF26}
	EndGlobalSection
EndGlobal
